// !$*UTF8*$!
{
	archiveVersion = 1;
	classes = {
	};
	objectVersion = 56;
	objects = {

/* Begin PBXBuildFile section */
		44217005FD954A11AC8A7764 /* WorldsCollectionApp.swift in Sources */ = {isa = PBXBuildFile; fileRef = 49153091A2BB43F38B7EE461 /* WorldsCollectionApp.swift */; };
		87BD01C1AEB14AF39086DECE /* ContentView.swift in Sources */ = {isa = PBXBuildFile; fileRef = 21F36F855DDE4D63ABA56D21 /* ContentView.swift */; };
		B8F239DF398D4BCD836A7EDD /* GameDefinition.swift in Sources */ = {isa = PBXBuildFile; fileRef = D0692CC1817B4114B5745556 /* GameDefinition.swift */; };
		D677C6245726416EB3C3F015 /* GameSchemeHandler.swift in Sources */ = {isa = PBXBuildFile; fileRef = 0C9FE27A222A4601AC2B8139 /* GameSchemeHandler.swift */; };
		FDDE1DEB65EA46E4A306F06E /* ControllerBridge.swift in Sources */ = {isa = PBXBuildFile; fileRef = 3661666FAAE1486491D1DC90 /* ControllerBridge.swift */; };
		4B27BB0DC4EB4573A6A015B5 /* LauncherView.swift in Sources */ = {isa = PBXBuildFile; fileRef = B7B01AA91414423495308AC3 /* LauncherView.swift */; };
		A6E21700FF5E499BB10D6FD9 /* GameView.swift in Sources */ = {isa = PBXBuildFile; fileRef = 9E920BC8F5E5493A91B8307C /* GameView.swift */; };
		9CB4A16C73E54FFEB88950B3 /* Games in Resources */ = {isa = PBXBuildFile; fileRef = C36A7F8805354EF9B2D434A6 /* Games */; };
		21069CCEDA8F49E29C2E27B7 /* Info.plist in Resources */ = {isa = PBXBuildFile; fileRef = 2071D8289F304BF089D0E84E /* Info.plist */; };
/* End PBXBuildFile section */

/* Begin PBXFileReference section */
		49153091A2BB43F38B7EE461 /* WorldsCollectionApp.swift */ = {isa = PBXFileReference; lastKnownFileType = sourcecode.swift; path = WorldsCollectionApp.swift; sourceTree = "<group>"; };
		21F36F855DDE4D63ABA56D21 /* ContentView.swift */ = {isa = PBXFileReference; lastKnownFileType = sourcecode.swift; path = ContentView.swift; sourceTree = "<group>"; };
		D0692CC1817B4114B5745556 /* GameDefinition.swift */ = {isa = PBXFileReference; lastKnownFileType = sourcecode.swift; path = GameDefinition.swift; sourceTree = "<group>"; };
		0C9FE27A222A4601AC2B8139 /* GameSchemeHandler.swift */ = {isa = PBXFileReference; lastKnownFileType = sourcecode.swift; path = GameSchemeHandler.swift; sourceTree = "<group>"; };
		3661666FAAE1486491D1DC90 /* ControllerBridge.swift */ = {isa = PBXFileReference; lastKnownFileType = sourcecode.swift; path = ControllerBridge.swift; sourceTree = "<group>"; };
		B7B01AA91414423495308AC3 /* LauncherView.swift */ = {isa = PBXFileReference; lastKnownFileType = sourcecode.swift; path = LauncherView.swift; sourceTree = "<group>"; };
		9E920BC8F5E5493A91B8307C /* GameView.swift */ = {isa = PBXFileReference; lastKnownFileType = sourcecode.swift; path = GameView.swift; sourceTree = "<group>"; };
		C36A7F8805354EF9B2D434A6 /* Games */ = {isa = PBXFileReference; lastKnownFileType = folder; path = Games; sourceTree = "<group>"; };
		2071D8289F304BF089D0E84E /* Info.plist */ = {isa = PBXFileReference; lastKnownFileType = text.plist.xml; path = Info.plist; sourceTree = "<group>"; };
		68DAACD1A8CC4EA6B9087F97 /* WorldsCollection.app */ = {isa = PBXFileReference; explicitFileType = wrapper.application; includeInIndex = 0; path = WorldsCollection.app; sourceTree = BUILT_PRODUCTS_DIR; };
/* End PBXFileReference section */

/* Begin PBXFrameworksBuildPhase section */
		858387533CBC498491991E7E /* Frameworks */ = {
			isa = PBXFrameworksBuildPhase;
			buildActionMask = 2147483647;
			files = (
			);
			runOnlyForDeploymentPostprocessing = 0;
		};
/* End PBXFrameworksBuildPhase section */

/* Begin PBXGroup section */
		0FEC7B14226C4CFFA5C3528B /* WorldsCollection */ = {
			isa = PBXGroup;
			children = (
				682F3EBA43704440A53A8999 /* App */,
				A018883BAB3B4EE0BB182DA2 /* Views */,
				21AA36BBDC5C491897595E42 /* Engine */,
				17F018FDBA1D4FEBBAD34E18 /* Resources */,
				4D5B40F784E14B4B95B80FAA /* Products */,
			);
			path = WorldsCollection;
			sourceTree = "<group>";
		};
		682F3EBA43704440A53A8999 /* App */ = {
			isa = PBXGroup;
			children = (
				49153091A2BB43F38B7EE461 /* WorldsCollectionApp.swift */,
				21F36F855DDE4D63ABA56D21 /* ContentView.swift */,
			);
			path = App;
			sourceTree = "<group>";
		};
		A018883BAB3B4EE0BB182DA2 /* Views */ = {
			isa = PBXGroup;
			children = (
				B7B01AA91414423495308AC3 /* LauncherView.swift */,
				9E920BC8F5E5493A91B8307C /* GameView.swift */,
			);
			path = Views;
			sourceTree = "<group>";
		};
		21AA36BBDC5C491897595E42 /* Engine */ = {
			isa = PBXGroup;
			children = (
				D0692CC1817B4114B5745556 /* GameDefinition.swift */,
				0C9FE27A222A4601AC2B8139 /* GameSchemeHandler.swift */,
				3661666FAAE1486491D1DC90 /* ControllerBridge.swift */,
			);
			path = Engine;
			sourceTree = "<group>";
		};
		17F018FDBA1D4FEBBAD34E18 /* Resources */ = {
			isa = PBXGroup;
			children = (
				C36A7F8805354EF9B2D434A6 /* Games */,
				2071D8289F304BF089D0E84E /* Info.plist */,
			);
			path = Resources;
			sourceTree = "<group>";
		};
		4D5B40F784E14B4B95B80FAA /* Products */ = {
			isa = PBXGroup;
			children = (
				68DAACD1A8CC4EA6B9087F97 /* WorldsCollection.app */,
			);
			name = Products;
			sourceTree = "<group>";
		};
/* End PBXGroup section */

/* Begin PBXNativeTarget section */
		68DAACD1A8CC4EA6B9087F97 /* WorldsCollection */ = {
			isa = PBXNativeTarget;
			buildConfigurationList = BA9BB58CF07E446E9934B953 /* Build configuration list for PBXNativeTarget "WorldsCollection" */;
			buildPhases = (
				D29334FA875942C3805CD09E /* Sources */,
				D28C438518244755A1487689 /* Resources */,
				858387533CBC498491991E7E /* Frameworks */,
			);
			buildRules = (
			);
			dependencies = (
			);
			name = WorldsCollection;
			productName = WorldsCollection;
			productReference = 68DAACD1A8CC4EA6B9087F97 /* WorldsCollection.app */;
			productType = "com.apple.product-type.application";
		};
/* End PBXNativeTarget section */

/* Begin PBXProject section */
		5303EFD84C9E43D4AA32CC69 /* Project object */ = {
			isa = PBXProject;
			attributes = {
				BuildIndependentTargetsInParallel = 1;
				LastSwiftUpdateCheck = 1500;
				LastUpgradeCheck = 1500;
				TargetAttributes = {
					68DAACD1A8CC4EA6B9087F97 = {
						CreatedOnToolsVersion = 15.0;
					};
				};
			};
			buildConfigurationList = 588E451B347A4EDC8980C383 /* Build configuration list for PBXProject "WorldsCollection" */;
			compatibilityVersion = "Xcode 14.0";
			developmentRegion = en;
			hasScannedForEncodings = 0;
			knownRegions = (
				en,
				Base,
			);
			mainGroup = 0FEC7B14226C4CFFA5C3528B /* WorldsCollection */;
			productRefGroup = 4D5B40F784E14B4B95B80FAA /* Products */;
			projectDirPath = "";
			projectRoot = "";
			targets = (
				68DAACD1A8CC4EA6B9087F97 /* WorldsCollection */,
			);
		};
/* End PBXProject section */

/* Begin PBXResourcesBuildPhase section */
		D28C438518244755A1487689 /* Resources */ = {
			isa = PBXResourcesBuildPhase;
			buildActionMask = 2147483647;
			files = (
				9CB4A16C73E54FFEB88950B3 /* Games in Resources */,
				21069CCEDA8F49E29C2E27B7 /* Info.plist in Resources */,
			);
			runOnlyForDeploymentPostprocessing = 0;
		};
/* End PBXResourcesBuildPhase section */

/* Begin PBXSourcesBuildPhase section */
		D29334FA875942C3805CD09E /* Sources */ = {
			isa = PBXSourcesBuildPhase;
			buildActionMask = 2147483647;
			files = (
				44217005FD954A11AC8A7764 /* WorldsCollectionApp.swift in Sources */,
				87BD01C1AEB14AF39086DECE /* ContentView.swift in Sources */,
				B8F239DF398D4BCD836A7EDD /* GameDefinition.swift in Sources */,
				D677C6245726416EB3C3F015 /* GameSchemeHandler.swift in Sources */,
				FDDE1DEB65EA46E4A306F06E /* ControllerBridge.swift in Sources */,
				4B27BB0DC4EB4573A6A015B5 /* LauncherView.swift in Sources */,
				A6E21700FF5E499BB10D6FD9 /* GameView.swift in Sources */,
			);
			runOnlyForDeploymentPostprocessing = 0;
		};
/* End PBXSourcesBuildPhase section */

/* Begin XCBuildConfiguration section */
		003809E6E420440688B13F56 /* Debug */ = {
			isa = XCBuildConfiguration;
			buildSettings = {
				ALWAYS_SEARCH_USER_PATHS = NO;
				ASSETCATALOG_COMPILER_GENERATE_SWIFT_ASSET_SYMBOL_EXTENSIONS = YES;
				CLANG_ANALYZER_NONNULL = YES;
				CLANG_ANALYZER_NUMBER_OBJECT_CONVERSION = YES_AGGRESSIVE;
				CLANG_CXX_LANGUAGE_STANDARD = "gnu++20";
				CLANG_ENABLE_MODULES = YES;
				CLANG_ENABLE_OBJC_ARC = YES;
				CLANG_ENABLE_OBJC_WEAK = YES;
				CLANG_WARN_BLOCK_CAPTURE_AUTORELEASING = YES;
				CLANG_WARN_BOOL_CONVERSION = YES;
				CLANG_WARN_COMMA = YES;
				CLANG_WARN_CONSTANT_CONVERSION = YES;
				CLANG_WARN_DEPRECATED_OBJC_IMPLEMENTATIONS = YES;
				CLANG_WARN_DIRECT_OBJC_ISA_USAGE = YES_ERROR;
				CLANG_WARN_DOCUMENTATION_COMMENTS = YES;
				CLANG_WARN_EMPTY_BODY = YES;
				CLANG_WARN_ENUM_CONVERSION = YES;
				CLANG_WARN_INFINITE_RECURSION = YES;
				CLANG_WARN_INT_CONVERSION = YES;
				CLANG_WARN_NON_LITERAL_NULL_CONVERSION = YES;
				CLANG_WARN_OBJC_IMPLICIT_RETAIN_SELF = YES;
				CLANG_WARN_OBJC_LITERAL_CONVERSION = YES;
				CLANG_WARN_OBJC_ROOT_CLASS = YES_ERROR;
				CLANG_WARN_QUOTED_INCLUDE_IN_FRAMEWORK_HEADER = YES;
				CLANG_WARN_RANGE_LOOP_ANALYSIS = YES;
				CLANG_WARN_STRICT_PROTOTYPES = YES;
				CLANG_WARN_SUSPICIOUS_MOVE = YES;
				CLANG_WARN_UNGUARDED_AVAILABILITY = YES_AGGRESSIVE;
				CLANG_WARN_UNREACHABLE_CODE = YES;
				CLANG_WARN__DUPLICATE_METHOD_MATCH = YES;
				COPY_PHASE_STRIP = NO;
				DEBUG_INFORMATION_FORMAT = dwarf;
				ENABLE_STRICT_OBJC_MSGSEND = YES;
				ENABLE_TESTABILITY = YES;
				ENABLE_USER_SCRIPT_SANDBOXING = YES;
				GCC_C_LANGUAGE_STANDARD = gnu17;
				GCC_DYNAMIC_NO_PIC = NO;
				GCC_NO_COMMON_BLOCKS = YES;
				GCC_OPTIMIZATION_LEVEL = 0;
				GCC_PREPROCESSOR_DEFINITIONS = (
					"DEBUG=1",
					"$(inherited)",
				);
				GCC_WARN_64_TO_32_BIT_CONVERSION = YES;
				GCC_WARN_ABOUT_RETURN_TYPE = YES_ERROR;
				GCC_WARN_UNDECLARED_SELECTOR = YES;
				GCC_WARN_UNINITIALIZED_AUTOS = YES_AGGRESSIVE;
				GCC_WARN_UNUSED_FUNCTION = YES;
				GCC_WARN_UNUSED_VARIABLE = YES;
				IPHONEOS_DEPLOYMENT_TARGET = 16.0;
				MTL_ENABLE_DEBUG_INFO = INCLUDE_SOURCE;
				MTL_FAST_MATH = YES;
				ONLY_ACTIVE_ARCH = YES;
				SDKROOT = iphoneos;
				SWIFT_ACTIVE_COMPILATION_CONDITIONS = "DEBUG $(inherited)";
				SWIFT_OPTIMIZATION_LEVEL = "-Onone";
			};
			name = Debug;
		};
		2CDB05DBE73143F7A41388CF /* Release */ = {
			isa = XCBuildConfiguration;
			buildSettings = {
				ALWAYS_SEARCH_USER_PATHS = NO;
				ASSETCATALOG_COMPILER_GENERATE_SWIFT_ASSET_SYMBOL_EXTENSIONS = YES;
				CLANG_ANALYZER_NONNULL = YES;
				CLANG_ANALYZER_NUMBER_OBJECT_CONVERSION = YES_AGGRESSIVE;
				CLANG_CXX_LANGUAGE_STANDARD = "gnu++20";
				CLANG_ENABLE_MODULES = YES;
				CLANG_ENABLE_OBJC_ARC = YES;
				CLANG_ENABLE_OBJC_WEAK = YES;
				CLANG_WARN_BLOCK_CAPTURE_AUTORELEASING = YES;
				CLANG_WARN_BOOL_CONVERSION = YES;
				CLANG_WARN_COMMA = YES;
				CLANG_WARN_CONSTANT_CONVERSION = YES;
				CLANG_WARN_DEPRECATED_OBJC_IMPLEMENTATIONS = YES;
				CLANG_WARN_DIRECT_OBJC_ISA_USAGE = YES_ERROR;
				CLANG_WARN_DOCUMENTATION_COMMENTS = YES;
				CLANG_WARN_EMPTY_BODY = YES;
				CLANG_WARN_ENUM_CONVERSION = YES;
				CLANG_WARN_INFINITE_RECURSION = YES;
				CLANG_WARN_INT_CONVERSION = YES;
				CLANG_WARN_NON_LITERAL_NULL_CONVERSION = YES;
				CLANG_WARN_OBJC_IMPLICIT_RETAIN_SELF = YES;
				CLANG_WARN_OBJC_LITERAL_CONVERSION = YES;
				CLANG_WARN_OBJC_ROOT_CLASS = YES_ERROR;
				CLANG_WARN_QUOTED_INCLUDE_IN_FRAMEWORK_HEADER = YES;
				CLANG_WARN_RANGE_LOOP_ANALYSIS = YES;
				CLANG_WARN_STRICT_PROTOTYPES = YES;
				CLANG_WARN_SUSPICIOUS_MOVE = YES;
				CLANG_WARN_UNGUARDED_AVAILABILITY = YES_AGGRESSIVE;
				CLANG_WARN_UNREACHABLE_CODE = YES;
				CLANG_WARN__DUPLICATE_METHOD_MATCH = YES;
				COPY_PHASE_STRIP = NO;
				DEBUG_INFORMATION_FORMAT = "dwarf-with-dsym";
				ENABLE_NS_ASSERTIONS = NO;
				ENABLE_STRICT_OBJC_MSGSEND = YES;
				ENABLE_USER_SCRIPT_SANDBOXING = YES;
				GCC_C_LANGUAGE_STANDARD = gnu17;
				GCC_NO_COMMON_BLOCKS = YES;
				GCC_WARN_64_TO_32_BIT_CONVERSION = YES;
				GCC_WARN_ABOUT_RETURN_TYPE = YES_ERROR;
				GCC_WARN_UNDECLARED_SELECTOR = YES;
				GCC_WARN_UNINITIALIZED_AUTOS = YES_AGGRESSIVE;
				GCC_WARN_UNUSED_FUNCTION = YES;
				GCC_WARN_UNUSED_VARIABLE = YES;
				IPHONEOS_DEPLOYMENT_TARGET = 16.0;
				MTL_ENABLE_DEBUG_INFO = NO;
				MTL_FAST_MATH = YES;
				SDKROOT = iphoneos;
				SWIFT_COMPILATION_MODE = wholemodule;
				SWIFT_OPTIMIZATION_LEVEL = "-O";
				VALIDATE_PRODUCT = YES;
			};
			name = Release;
		};
		A1B2C3D4E5F60011223344AA /* Debug */ = {
			isa = XCBuildConfiguration;
			buildSettings = {
				ASSETCATALOG_COMPILER_APPICON_NAME = AppIcon;
				ASSETCATALOG_COMPILER_GLOBAL_ACCENT_COLOR_NAME = AccentColor;
				CODE_SIGN_STYLE = Automatic;
				CURRENT_PROJECT_VERSION = 1;
				DEVELOPMENT_ASSET_PATHS = "";
				ENABLE_PREVIEWS = YES;
				GENERATE_INFOPLIST_FILE = NO;
				INFOPLIST_FILE = WorldsCollection/Resources/Info.plist;
				INFOPLIST_KEY_UIApplicationSceneManifest_Generation = YES;
				INFOPLIST_KEY_UIApplicationSupportsIndirectInputEvents = YES;
				INFOPLIST_KEY_UILaunchScreen_Generation = YES;
				INFOPLIST_KEY_UISupportedInterfaceOrientations_iPad = "UIInterfaceOrientationLandscapeLeft UIInterfaceOrientationLandscapeRight";
				INFOPLIST_KEY_UISupportedInterfaceOrientations_iPhone = "UIInterfaceOrientationLandscapeLeft UIInterfaceOrientationLandscapeRight";
				IPHONEOS_DEPLOYMENT_TARGET = 16.0;
				LD_RUNPATH_SEARCH_PATHS = (
					"$(inherited)",
					"@executable_path/Frameworks",
				);
				MARKETING_VERSION = 1.0;
				PRODUCT_BUNDLE_IDENTIFIER = com.caddickbrown.WorldsCollection;
				PRODUCT_NAME = "$(TARGET_NAME)";
				SWIFT_EMIT_LOC_STRINGS = YES;
				SWIFT_VERSION = 5.0;
				TARGETED_DEVICE_FAMILY = "1,2";
			};
			name = Debug;
		};
		A1B2C3D4E5F60011223344BB /* Release */ = {
			isa = XCBuildConfiguration;
			buildSettings = {
				ASSETCATALOG_COMPILER_APPICON_NAME = AppIcon;
				ASSETCATALOG_COMPILER_GLOBAL_ACCENT_COLOR_NAME = AccentColor;
				CODE_SIGN_STYLE = Automatic;
				CURRENT_PROJECT_VERSION = 1;
				DEVELOPMENT_ASSET_PATHS = "";
				ENABLE_PREVIEWS = YES;
				GENERATE_INFOPLIST_FILE = NO;
				INFOPLIST_FILE = WorldsCollection/Resources/Info.plist;
				INFOPLIST_KEY_UIApplicationSceneManifest_Generation = YES;
				INFOPLIST_KEY_UIApplicationSupportsIndirectInputEvents = YES;
				INFOPLIST_KEY_UILaunchScreen_Generation = YES;
				INFOPLIST_KEY_UISupportedInterfaceOrientations_iPad = "UIInterfaceOrientationLandscapeLeft UIInterfaceOrientationLandscapeRight";
				INFOPLIST_KEY_UISupportedInterfaceOrientations_iPhone = "UIInterfaceOrientationLandscapeLeft UIInterfaceOrientationLandscapeRight";
				IPHONEOS_DEPLOYMENT_TARGET = 16.0;
				LD_RUNPATH_SEARCH_PATHS = (
					"$(inherited)",
					"@executable_path/Frameworks",
				);
				MARKETING_VERSION = 1.0;
				PRODUCT_BUNDLE_IDENTIFIER = com.caddickbrown.WorldsCollection;
				PRODUCT_NAME = "$(TARGET_NAME)";
				SWIFT_EMIT_LOC_STRINGS = YES;
				SWIFT_VERSION = 5.0;
				TARGETED_DEVICE_FAMILY = "1,2";
				VALIDATE_PRODUCT = YES;
			};
			name = Release;
		};
/* End XCBuildConfiguration section */

/* Begin XCConfigurationList section */
		588E451B347A4EDC8980C383 /* Build configuration list for PBXProject "WorldsCollection" */ = {
			isa = XCConfigurationList;
			buildConfigurations = (
				003809E6E420440688B13F56 /* Debug */,
				2CDB05DBE73143F7A41388CF /* Release */,
			);
			defaultConfigurationIsVisible = 0;
			defaultConfigurationName = Release;
		};
		BA9BB58CF07E446E9934B953 /* Build configuration list for PBXNativeTarget "WorldsCollection" */ = {
			isa = XCConfigurationList;
			buildConfigurations = (
				A1B2C3D4E5F60011223344AA /* Debug */,
				A1B2C3D4E5F60011223344BB /* Release */,
			);
			defaultConfigurationIsVisible = 0;
			defaultConfigurationName = Release;
		};
/* End XCConfigurationList section */

	};
	rootObject = 5303EFD84C9E43D4AA32CC69 /* Project object */;
}
